
Microsoft Visual Studio Solution File, Format Version 12.00
# Visual Studio Version 16
VisualStudioVersion = 16.0.30225.117
MinimumVisualStudioVersion = 10.0.40219.1
Project("{8BC9CEB8-8B4A-11D0-8D11-00A0C91BC942}") = "server", "server\server.vcxproj", "{4475568E-3EBA-43CA-90E3-4927477D50C3}"
EndProject
Project("{8BC9CEB8-8B4A-11D0-8D11-00A0C91BC942}") = "client", "client\client.vcxproj", "{F7966035-E600-4978-8494-D242AD5E08EB}"
EndProject
Global
	GlobalSection(SolutionConfigurationPlatforms) = preSolution
		Debug|x64 = Debug|x64
		Debug|x86 = Debug|x86
		Release|x64 = Release|x64
		Release|x86 = Release|x86
	EndGlobalSection
	GlobalSection(ProjectConfigurationPlatforms) = postSolution
		{4475568E-3EBA-43CA-90E3-4927477D50C3}.Debug|x64.ActiveCfg = Debug|x64
		{4475568E-3EBA-43CA-90E3-4927477D50C3}.Debug|x64.Build.0 = Debug|x64
		{4475568E-3EBA-43CA-90E3-4927477D50C3}.Debug|x86.ActiveCfg = Debug|Win32
		{4475568E-3EBA-43CA-90E3-4927477D50C3}.Debug|x86.Build.0 = Debug|Win32
		{4475568E-3EBA-43CA-90E3-4927477D50C3}.Release|x64.ActiveCfg = Release|x64
		{4475568E-3EBA-43CA-90E3-4927477D50C3}.Release|x64.Build.0 = Release|x64
		{4475568E-3EBA-43CA-90E3-4927477D50C3}.Release|x86.ActiveCfg = Release|Win32
		{4475568E-3EBA-43CA-90E3-4927477D50C3}.Release|x86.Build.0 = Release|Win32
		{F7966035-E600-4978-8494-D242AD5E08EB}.Debug|x64.ActiveCfg = Debug|x64
		{F7966035-E600-4978-8494-D242AD5E08EB}.Debug|x64.Build.0 = Debug|x64
		{F7966035-E600-4978-8494-D242AD5E08EB}.Debug|x86.ActiveCfg = Debug|Win32
		{F7966035-E600-4978-8494-D242AD5E08EB}.Debug|x86.Build.0 = Debug|Win32
		{F7966035-E600-4978-8494-D242AD5E08EB}.Release|x64.ActiveCfg = Release|x64
		{F7966035-E600-4978-8494-D242AD5E08EB}.Release|x64.Build.0 = Release|x64
		{F7966035-E600-4978-8494-D242AD5E08EB}.Release|x86.ActiveCfg = Release|Win32
		{F7966035-E600-4978-8494-D242AD5E08EB}.Release|x86.Build.0 = Release|Win32
	EndGlobalSection
	GlobalSection(SolutionProperties) = preSolution
		HideSolutionNode = FALSE
	EndGlobalSection
	GlobalSection(ExtensibilityGlobals) = postSolution
		SolutionGuid = {F409913E-E8F0-434A-BCE0-4907678984CF}
	EndGlobalSection
EndGlobal
